# generated by rye
# use `rye lock` or `rye sync` to update this lockfile
#
# last locked with the following flags:
#   pre: false
#   features: []
#   all-features: false
#   with-sources: false
#   generate-hashes: false
#   universal: false

-e file:.
numpy==2.4.2
    # via atom-track-b
    # via opencv-python-headless
    # via pandas
opencv-python-headless==4.13.0.92
    # via atom-track-b
pandas==3.0.1
    # via atom-track-b
pyarrow==23.0.1
    # via atom-track-b
python-dateutil==2.9.0.post0
    # via pandas
six==1.17.0
    # via python-dateutil
yt-dlp==2026.3.3
    # via atom-track-b
