# generated by rye
# use `rye lock` or `rye sync` to update this lockfile
#
# last locked with the following flags:
#   pre: false
#   features: []
#   all-features: false
#   with-sources: false
#   generate-hashes: false
#   universal: false

-e file:.
coverage==7.13.4
    # via pytest-cov
iniconfig==2.3.0
    # via pytest
numpy==2.4.2
    # via atom-track-b
    # via opencv-python-headless
    # via pandas
opencv-python-headless==4.13.0.92
    # via atom-track-b
packaging==26.0
    # via pytest
pandas==3.0.1
    # via atom-track-b
pluggy==1.6.0
    # via pytest
    # via pytest-cov
pyarrow==23.0.1
    # via atom-track-b
pygments==2.19.2
    # via pytest
pytest==9.0.2
    # via pytest-cov
pytest-cov==7.0.0
python-dateutil==2.9.0.post0
    # via pandas
ruff==0.15.5
six==1.17.0
    # via python-dateutil
yt-dlp==2026.3.3
    # via atom-track-b
